
Microsoft Visual Studio Solution File, Format Version 12.00
# Visual Studio 15
VisualStudioVersion = 15.0.28307.421
MinimumVisualStudioVersion = 10.0.40219.1
Project("{FAE04EC0-301F-11D3-BF4B-00C04F79EFBC}") = "C1Contrib.LINQPad", "C1Contrib.LINQPad\C1Contrib.LINQPad.csproj", "{D1E07EDC-FE94-47A4-ADBA-FF10318F6E16}"
EndProject
Project("{FAE04EC0-301F-11D3-BF4B-00C04F79EFBC}") = "Test", "Test\Test.csproj", "{D6668EF3-D80D-479B-A192-23DE6CCA1C04}"
EndProject
Project("{FAE04EC0-301F-11D3-BF4B-00C04F79EFBC}") = "C1Contrib.LINQPad.Server", "Server\C1Contrib.LINQPad.Server.csproj", "{02B33A81-9938-4D80-84A0-0C5933739F1E}"
EndProject
Global
	GlobalSection(SolutionConfigurationPlatforms) = preSolution
		Debug|Any CPU = Debug|Any CPU
		Release|Any CPU = Release|Any CPU
	EndGlobalSection
	GlobalSection(ProjectConfigurationPlatforms) = postSolution
		{D1E07EDC-FE94-47A4-ADBA-FF10318F6E16}.Debug|Any CPU.ActiveCfg = Debug|Any CPU
		{D1E07EDC-FE94-47A4-ADBA-FF10318F6E16}.Debug|Any CPU.Build.0 = Debug|Any CPU
		{D1E07EDC-FE94-47A4-ADBA-FF10318F6E16}.Release|Any CPU.ActiveCfg = Release|Any CPU
		{D1E07EDC-FE94-47A4-ADBA-FF10318F6E16}.Release|Any CPU.Build.0 = Release|Any CPU
		{D6668EF3-D80D-479B-A192-23DE6CCA1C04}.Debug|Any CPU.ActiveCfg = Debug|Any CPU
		{D6668EF3-D80D-479B-A192-23DE6CCA1C04}.Debug|Any CPU.Build.0 = Debug|Any CPU
		{D6668EF3-D80D-479B-A192-23DE6CCA1C04}.Release|Any CPU.ActiveCfg = Release|Any CPU
		{D6668EF3-D80D-479B-A192-23DE6CCA1C04}.Release|Any CPU.Build.0 = Release|Any CPU
		{02B33A81-9938-4D80-84A0-0C5933739F1E}.Debug|Any CPU.ActiveCfg = Debug|Any CPU
		{02B33A81-9938-4D80-84A0-0C5933739F1E}.Debug|Any CPU.Build.0 = Debug|Any CPU
		{02B33A81-9938-4D80-84A0-0C5933739F1E}.Release|Any CPU.ActiveCfg = Release|Any CPU
		{02B33A81-9938-4D80-84A0-0C5933739F1E}.Release|Any CPU.Build.0 = Release|Any CPU
	EndGlobalSection
	GlobalSection(SolutionProperties) = preSolution
		HideSolutionNode = FALSE
	EndGlobalSection
	GlobalSection(ExtensibilityGlobals) = postSolution
		SolutionGuid = {028FF660-150D-46B5-AC0D-5F766C430A8B}
	EndGlobalSection
EndGlobal
